
Microsoft Visual Studio Solution File, Format Version 12.00
# Visual Studio 2013
VisualStudioVersion = 12.0.30723.0
MinimumVisualStudioVersion = 10.0.40219.1
Project("{2150E333-8FDC-42A3-9474-1A3956D46DE8}") = "VidyoComponents", "VidyoComponents", "{F5ACDC4C-7B30-4A16-8E94-353B76145CD8}"
EndProject
Project("{2150E333-8FDC-42A3-9474-1A3956D46DE8}") = "CicComponents", "CicComponents", "{34975B88-D1A9-473D-98C5-F8734BF9B21C}"
EndProject
Project("{2150E333-8FDC-42A3-9474-1A3956D46DE8}") = "Common", "Common", "{352AB192-0C8C-491F-ADD1-B2A003B87872}"
EndProject
Project("{2150E333-8FDC-42A3-9474-1A3956D46DE8}") = "Addin", "Addin", "{0EF21F00-2C47-49EF-8AD1-19D9CFBF4036}"
EndProject
Project("{FAE04EC0-301F-11D3-BF4B-00C04F79EFBC}") = "VidyoAddin", "Addin\VidyoAddin\VidyoAddin.csproj", "{4DA37223-92A6-4562-BC9A-00CA739DB721}"
	ProjectSection(ProjectDependencies) = postProject
		{E82BE7A6-3335-435D-A364-A655A74C470A} = {E82BE7A6-3335-435D-A364-A655A74C470A}
	EndProjectSection
EndProject
Project("{930C7802-8A8C-48F9-8165-68863BCCD9DD}") = "VidyoAddinInstaller", "Addin\VidyoAddinInstaller\VidyoAddinInstaller.wixproj", "{7CDFFC88-EBE8-4C67-9A14-57A46FD534D1}"
	ProjectSection(ProjectDependencies) = postProject
		{4DA37223-92A6-4562-BC9A-00CA739DB721} = {4DA37223-92A6-4562-BC9A-00CA739DB721}
	EndProjectSection
EndProject
Project("{FAE04EC0-301F-11D3-BF4B-00C04F79EFBC}") = "AutoCompleteTextBoxLib", "Addin\AutoCompleteTextBoxLib\AutoCompleteTextBoxLib.csproj", "{7F1F7148-6E69-476C-9BE6-4AC87C673C75}"
EndProject
Project("{FAE04EC0-301F-11D3-BF4B-00C04F79EFBC}") = "AutoCompleteTextBoxTestHost", "Addin\AutoCompleteTextBoxTestHost\AutoCompleteTextBoxTestHost.csproj", "{ABDDE0CE-7B8C-4750-B743-90A49F8AB8A9}"
EndProject
Project("{FAE04EC0-301F-11D3-BF4B-00C04F79EFBC}") = "CicManagerLib", "CicComponents\CicManagerLib\CicManagerLib.csproj", "{BB0D1C8D-681D-40DA-B5DC-DD88D0BAEC45}"
EndProject
Project("{FAE04EC0-301F-11D3-BF4B-00C04F79EFBC}") = "ConversationManagerLib", "CicComponents\ConversationManagerLib\ConversationManagerLib.csproj", "{75240292-31B9-467E-B341-DD23090E4739}"
EndProject
Project("{FAE04EC0-301F-11D3-BF4B-00C04F79EFBC}") = "CoreServiceLib", "CicComponents\CoreServiceLib\CoreServiceLib.csproj", "{29D12DFF-D33E-4D66-8E41-51D49DE84547}"
EndProject
Project("{FAE04EC0-301F-11D3-BF4B-00C04F79EFBC}") = "CommonLib", "Common\CommonLib\CommonLib.csproj", "{E82BE7A6-3335-435D-A364-A655A74C470A}"
EndProject
Project("{FAE04EC0-301F-11D3-BF4B-00C04F79EFBC}") = "VidyoIntegrationTestConsole", "Common\VidyoIntegrationTestConsole\VidyoIntegrationTestConsole.csproj", "{F8A5A9AD-F680-46F4-806F-653E7E51A030}"
	ProjectSection(ProjectDependencies) = postProject
		{846F954B-9E94-49C6-888F-4887F4200A72} = {846F954B-9E94-49C6-888F-4887F4200A72}
		{29D12DFF-D33E-4D66-8E41-51D49DE84547} = {29D12DFF-D33E-4D66-8E41-51D49DE84547}
	EndProjectSection
EndProject
Project("{FAE04EC0-301F-11D3-BF4B-00C04F79EFBC}") = "VidyoService", "VidyoComponents\VidyoService\VidyoService.csproj", "{846F954B-9E94-49C6-888F-4887F4200A72}"
EndProject
Project("{FAE04EC0-301F-11D3-BF4B-00C04F79EFBC}") = "VidyoIntegrationWindowsService", "Common\VidyoIntegrationWindowsService\VidyoIntegrationWindowsService.csproj", "{9FBCFE44-7752-4EF0-8547-4CA9DD28D1BF}"
EndProject
Project("{930C7802-8A8C-48F9-8165-68863BCCD9DD}") = "VidyoIntegrationWindowsServiceInstaller", "Common\VidyoIntegrationWindowsServiceInstaller\VidyoIntegrationWindowsServiceInstaller.wixproj", "{234B024E-40D6-4CE3-8110-4840E90E7290}"
EndProject
Project("{FAE04EC0-301F-11D3-BF4B-00C04F79EFBC}") = "TraceLib", "Common\TraceLib\TraceLib.csproj", "{EC6C24DD-3835-4446-9FC0-EF885D6EE8F1}"
EndProject
Global
	GlobalSection(SolutionConfigurationPlatforms) = preSolution
		Debug|Any CPU = Debug|Any CPU
		Debug|Mixed Platforms = Debug|Mixed Platforms
		Debug|x86 = Debug|x86
		Release|Any CPU = Release|Any CPU
		Release|Mixed Platforms = Release|Mixed Platforms
		Release|x86 = Release|x86
	EndGlobalSection
	GlobalSection(ProjectConfigurationPlatforms) = postSolution
		{4DA37223-92A6-4562-BC9A-00CA739DB721}.Debug|Any CPU.ActiveCfg = Debug|Any CPU
		{4DA37223-92A6-4562-BC9A-00CA739DB721}.Debug|Any CPU.Build.0 = Debug|Any CPU
		{4DA37223-92A6-4562-BC9A-00CA739DB721}.Debug|Mixed Platforms.ActiveCfg = Debug|Any CPU
		{4DA37223-92A6-4562-BC9A-00CA739DB721}.Debug|Mixed Platforms.Build.0 = Debug|Any CPU
		{4DA37223-92A6-4562-BC9A-00CA739DB721}.Debug|x86.ActiveCfg = Debug|Any CPU
		{4DA37223-92A6-4562-BC9A-00CA739DB721}.Release|Any CPU.ActiveCfg = Release|Any CPU
		{4DA37223-92A6-4562-BC9A-00CA739DB721}.Release|Any CPU.Build.0 = Release|Any CPU
		{4DA37223-92A6-4562-BC9A-00CA739DB721}.Release|Mixed Platforms.ActiveCfg = Release|Any CPU
		{4DA37223-92A6-4562-BC9A-00CA739DB721}.Release|Mixed Platforms.Build.0 = Release|Any CPU
		{4DA37223-92A6-4562-BC9A-00CA739DB721}.Release|x86.ActiveCfg = Release|Any CPU
		{7CDFFC88-EBE8-4C67-9A14-57A46FD534D1}.Debug|Any CPU.ActiveCfg = Debug|x86
		{7CDFFC88-EBE8-4C67-9A14-57A46FD534D1}.Debug|Mixed Platforms.ActiveCfg = Debug|x86
		{7CDFFC88-EBE8-4C67-9A14-57A46FD534D1}.Debug|Mixed Platforms.Build.0 = Debug|x86
		{7CDFFC88-EBE8-4C67-9A14-57A46FD534D1}.Debug|x86.ActiveCfg = Debug|x86
		{7CDFFC88-EBE8-4C67-9A14-57A46FD534D1}.Debug|x86.Build.0 = Debug|x86
		{7CDFFC88-EBE8-4C67-9A14-57A46FD534D1}.Release|Any CPU.ActiveCfg = Release|x86
		{7CDFFC88-EBE8-4C67-9A14-57A46FD534D1}.Release|Mixed Platforms.ActiveCfg = Release|x86
		{7CDFFC88-EBE8-4C67-9A14-57A46FD534D1}.Release|Mixed Platforms.Build.0 = Release|x86
		{7CDFFC88-EBE8-4C67-9A14-57A46FD534D1}.Release|x86.ActiveCfg = Release|x86
		{7CDFFC88-EBE8-4C67-9A14-57A46FD534D1}.Release|x86.Build.0 = Release|x86
		{7F1F7148-6E69-476C-9BE6-4AC87C673C75}.Debug|Any CPU.ActiveCfg = Debug|Any CPU
		{7F1F7148-6E69-476C-9BE6-4AC87C673C75}.Debug|Any CPU.Build.0 = Debug|Any CPU
		{7F1F7148-6E69-476C-9BE6-4AC87C673C75}.Debug|Mixed Platforms.ActiveCfg = Debug|Any CPU
		{7F1F7148-6E69-476C-9BE6-4AC87C673C75}.Debug|Mixed Platforms.Build.0 = Debug|Any CPU
		{7F1F7148-6E69-476C-9BE6-4AC87C673C75}.Debug|x86.ActiveCfg = Debug|Any CPU
		{7F1F7148-6E69-476C-9BE6-4AC87C673C75}.Release|Any CPU.ActiveCfg = Release|Any CPU
		{7F1F7148-6E69-476C-9BE6-4AC87C673C75}.Release|Any CPU.Build.0 = Release|Any CPU
		{7F1F7148-6E69-476C-9BE6-4AC87C673C75}.Release|Mixed Platforms.ActiveCfg = Release|Any CPU
		{7F1F7148-6E69-476C-9BE6-4AC87C673C75}.Release|Mixed Platforms.Build.0 = Release|Any CPU
		{7F1F7148-6E69-476C-9BE6-4AC87C673C75}.Release|x86.ActiveCfg = Release|Any CPU
		{ABDDE0CE-7B8C-4750-B743-90A49F8AB8A9}.Debug|Any CPU.ActiveCfg = Debug|Any CPU
		{ABDDE0CE-7B8C-4750-B743-90A49F8AB8A9}.Debug|Any CPU.Build.0 = Debug|Any CPU
		{ABDDE0CE-7B8C-4750-B743-90A49F8AB8A9}.Debug|Mixed Platforms.ActiveCfg = Debug|Any CPU
		{ABDDE0CE-7B8C-4750-B743-90A49F8AB8A9}.Debug|Mixed Platforms.Build.0 = Debug|Any CPU
		{ABDDE0CE-7B8C-4750-B743-90A49F8AB8A9}.Debug|x86.ActiveCfg = Debug|Any CPU
		{ABDDE0CE-7B8C-4750-B743-90A49F8AB8A9}.Release|Any CPU.ActiveCfg = Release|Any CPU
		{ABDDE0CE-7B8C-4750-B743-90A49F8AB8A9}.Release|Any CPU.Build.0 = Release|Any CPU
		{ABDDE0CE-7B8C-4750-B743-90A49F8AB8A9}.Release|Mixed Platforms.ActiveCfg = Release|Any CPU
		{ABDDE0CE-7B8C-4750-B743-90A49F8AB8A9}.Release|Mixed Platforms.Build.0 = Release|Any CPU
		{ABDDE0CE-7B8C-4750-B743-90A49F8AB8A9}.Release|x86.ActiveCfg = Release|Any CPU
		{BB0D1C8D-681D-40DA-B5DC-DD88D0BAEC45}.Debug|Any CPU.ActiveCfg = Debug|Any CPU
		{BB0D1C8D-681D-40DA-B5DC-DD88D0BAEC45}.Debug|Any CPU.Build.0 = Debug|Any CPU
		{BB0D1C8D-681D-40DA-B5DC-DD88D0BAEC45}.Debug|Mixed Platforms.ActiveCfg = Debug|Any CPU
		{BB0D1C8D-681D-40DA-B5DC-DD88D0BAEC45}.Debug|Mixed Platforms.Build.0 = Debug|Any CPU
		{BB0D1C8D-681D-40DA-B5DC-DD88D0BAEC45}.Debug|x86.ActiveCfg = Debug|Any CPU
		{BB0D1C8D-681D-40DA-B5DC-DD88D0BAEC45}.Release|Any CPU.ActiveCfg = Release|Any CPU
		{BB0D1C8D-681D-40DA-B5DC-DD88D0BAEC45}.Release|Any CPU.Build.0 = Release|Any CPU
		{BB0D1C8D-681D-40DA-B5DC-DD88D0BAEC45}.Release|Mixed Platforms.ActiveCfg = Release|Any CPU
		{BB0D1C8D-681D-40DA-B5DC-DD88D0BAEC45}.Release|Mixed Platforms.Build.0 = Release|Any CPU
		{BB0D1C8D-681D-40DA-B5DC-DD88D0BAEC45}.Release|x86.ActiveCfg = Release|Any CPU
		{75240292-31B9-467E-B341-DD23090E4739}.Debug|Any CPU.ActiveCfg = Debug|Any CPU
		{75240292-31B9-467E-B341-DD23090E4739}.Debug|Any CPU.Build.0 = Debug|Any CPU
		{75240292-31B9-467E-B341-DD23090E4739}.Debug|Mixed Platforms.ActiveCfg = Debug|Any CPU
		{75240292-31B9-467E-B341-DD23090E4739}.Debug|Mixed Platforms.Build.0 = Debug|Any CPU
		{75240292-31B9-467E-B341-DD23090E4739}.Debug|x86.ActiveCfg = Debug|Any CPU
		{75240292-31B9-467E-B341-DD23090E4739}.Release|Any CPU.ActiveCfg = Release|Any CPU
		{75240292-31B9-467E-B341-DD23090E4739}.Release|Any CPU.Build.0 = Release|Any CPU
		{75240292-31B9-467E-B341-DD23090E4739}.Release|Mixed Platforms.ActiveCfg = Release|Any CPU
		{75240292-31B9-467E-B341-DD23090E4739}.Release|Mixed Platforms.Build.0 = Release|Any CPU
		{75240292-31B9-467E-B341-DD23090E4739}.Release|x86.ActiveCfg = Release|Any CPU
		{29D12DFF-D33E-4D66-8E41-51D49DE84547}.Debug|Any CPU.ActiveCfg = Debug|Any CPU
		{29D12DFF-D33E-4D66-8E41-51D49DE84547}.Debug|Any CPU.Build.0 = Debug|Any CPU
		{29D12DFF-D33E-4D66-8E41-51D49DE84547}.Debug|Mixed Platforms.ActiveCfg = Debug|Any CPU
		{29D12DFF-D33E-4D66-8E41-51D49DE84547}.Debug|Mixed Platforms.Build.0 = Debug|Any CPU
		{29D12DFF-D33E-4D66-8E41-51D49DE84547}.Debug|x86.ActiveCfg = Debug|Any CPU
		{29D12DFF-D33E-4D66-8E41-51D49DE84547}.Release|Any CPU.ActiveCfg = Release|Any CPU
		{29D12DFF-D33E-4D66-8E41-51D49DE84547}.Release|Any CPU.Build.0 = Release|Any CPU
		{29D12DFF-D33E-4D66-8E41-51D49DE84547}.Release|Mixed Platforms.ActiveCfg = Release|Any CPU
		{29D12DFF-D33E-4D66-8E41-51D49DE84547}.Release|Mixed Platforms.Build.0 = Release|Any CPU
		{29D12DFF-D33E-4D66-8E41-51D49DE84547}.Release|x86.ActiveCfg = Release|Any CPU
		{E82BE7A6-3335-435D-A364-A655A74C470A}.Debug|Any CPU.ActiveCfg = Debug|Any CPU
		{E82BE7A6-3335-435D-A364-A655A74C470A}.Debug|Any CPU.Build.0 = Debug|Any CPU
		{E82BE7A6-3335-435D-A364-A655A74C470A}.Debug|Mixed Platforms.ActiveCfg = Debug|Any CPU
		{E82BE7A6-3335-435D-A364-A655A74C470A}.Debug|Mixed Platforms.Build.0 = Debug|Any CPU
		{E82BE7A6-3335-435D-A364-A655A74C470A}.Debug|x86.ActiveCfg = Debug|Any CPU
		{E82BE7A6-3335-435D-A364-A655A74C470A}.Release|Any CPU.ActiveCfg = Release|Any CPU
		{E82BE7A6-3335-435D-A364-A655A74C470A}.Release|Any CPU.Build.0 = Release|Any CPU
		{E82BE7A6-3335-435D-A364-A655A74C470A}.Release|Mixed Platforms.ActiveCfg = Release|Any CPU
		{E82BE7A6-3335-435D-A364-A655A74C470A}.Release|Mixed Platforms.Build.0 = Release|Any CPU
		{E82BE7A6-3335-435D-A364-A655A74C470A}.Release|x86.ActiveCfg = Release|Any CPU
		{F8A5A9AD-F680-46F4-806F-653E7E51A030}.Debug|Any CPU.ActiveCfg = Debug|Any CPU
		{F8A5A9AD-F680-46F4-806F-653E7E51A030}.Debug|Any CPU.Build.0 = Debug|Any CPU
		{F8A5A9AD-F680-46F4-806F-653E7E51A030}.Debug|Mixed Platforms.ActiveCfg = Debug|Any CPU
		{F8A5A9AD-F680-46F4-806F-653E7E51A030}.Debug|Mixed Platforms.Build.0 = Debug|Any CPU
		{F8A5A9AD-F680-46F4-806F-653E7E51A030}.Debug|x86.ActiveCfg = Debug|Any CPU
		{F8A5A9AD-F680-46F4-806F-653E7E51A030}.Release|Any CPU.ActiveCfg = Release|Any CPU
		{F8A5A9AD-F680-46F4-806F-653E7E51A030}.Release|Any CPU.Build.0 = Release|Any CPU
		{F8A5A9AD-F680-46F4-806F-653E7E51A030}.Release|Mixed Platforms.ActiveCfg = Release|Any CPU
		{F8A5A9AD-F680-46F4-806F-653E7E51A030}.Release|Mixed Platforms.Build.0 = Release|Any CPU
		{F8A5A9AD-F680-46F4-806F-653E7E51A030}.Release|x86.ActiveCfg = Release|Any CPU
		{846F954B-9E94-49C6-888F-4887F4200A72}.Debug|Any CPU.ActiveCfg = Debug|Any CPU
		{846F954B-9E94-49C6-888F-4887F4200A72}.Debug|Any CPU.Build.0 = Debug|Any CPU
		{846F954B-9E94-49C6-888F-4887F4200A72}.Debug|Mixed Platforms.ActiveCfg = Debug|Any CPU
		{846F954B-9E94-49C6-888F-4887F4200A72}.Debug|Mixed Platforms.Build.0 = Debug|Any CPU
		{846F954B-9E94-49C6-888F-4887F4200A72}.Debug|x86.ActiveCfg = Debug|Any CPU
		{846F954B-9E94-49C6-888F-4887F4200A72}.Release|Any CPU.ActiveCfg = Release|Any CPU
		{846F954B-9E94-49C6-888F-4887F4200A72}.Release|Any CPU.Build.0 = Release|Any CPU
		{846F954B-9E94-49C6-888F-4887F4200A72}.Release|Mixed Platforms.ActiveCfg = Release|Any CPU
		{846F954B-9E94-49C6-888F-4887F4200A72}.Release|Mixed Platforms.Build.0 = Release|Any CPU
		{846F954B-9E94-49C6-888F-4887F4200A72}.Release|x86.ActiveCfg = Release|Any CPU
		{9FBCFE44-7752-4EF0-8547-4CA9DD28D1BF}.Debug|Any CPU.ActiveCfg = Debug|Any CPU
		{9FBCFE44-7752-4EF0-8547-4CA9DD28D1BF}.Debug|Any CPU.Build.0 = Debug|Any CPU
		{9FBCFE44-7752-4EF0-8547-4CA9DD28D1BF}.Debug|Mixed Platforms.ActiveCfg = Debug|Any CPU
		{9FBCFE44-7752-4EF0-8547-4CA9DD28D1BF}.Debug|Mixed Platforms.Build.0 = Debug|Any CPU
		{9FBCFE44-7752-4EF0-8547-4CA9DD28D1BF}.Debug|x86.ActiveCfg = Debug|Any CPU
		{9FBCFE44-7752-4EF0-8547-4CA9DD28D1BF}.Release|Any CPU.ActiveCfg = Release|Any CPU
		{9FBCFE44-7752-4EF0-8547-4CA9DD28D1BF}.Release|Any CPU.Build.0 = Release|Any CPU
		{9FBCFE44-7752-4EF0-8547-4CA9DD28D1BF}.Release|Mixed Platforms.ActiveCfg = Release|Any CPU
		{9FBCFE44-7752-4EF0-8547-4CA9DD28D1BF}.Release|Mixed Platforms.Build.0 = Release|Any CPU
		{9FBCFE44-7752-4EF0-8547-4CA9DD28D1BF}.Release|x86.ActiveCfg = Release|Any CPU
		{234B024E-40D6-4CE3-8110-4840E90E7290}.Debug|Any CPU.ActiveCfg = Debug|x86
		{234B024E-40D6-4CE3-8110-4840E90E7290}.Debug|Mixed Platforms.ActiveCfg = Debug|x86
		{234B024E-40D6-4CE3-8110-4840E90E7290}.Debug|Mixed Platforms.Build.0 = Debug|x86
		{234B024E-40D6-4CE3-8110-4840E90E7290}.Debug|x86.ActiveCfg = Debug|x86
		{234B024E-40D6-4CE3-8110-4840E90E7290}.Debug|x86.Build.0 = Debug|x86
		{234B024E-40D6-4CE3-8110-4840E90E7290}.Release|Any CPU.ActiveCfg = Release|x86
		{234B024E-40D6-4CE3-8110-4840E90E7290}.Release|Mixed Platforms.ActiveCfg = Release|x86
		{234B024E-40D6-4CE3-8110-4840E90E7290}.Release|Mixed Platforms.Build.0 = Release|x86
		{234B024E-40D6-4CE3-8110-4840E90E7290}.Release|x86.ActiveCfg = Release|x86
		{234B024E-40D6-4CE3-8110-4840E90E7290}.Release|x86.Build.0 = Release|x86
		{EC6C24DD-3835-4446-9FC0-EF885D6EE8F1}.Debug|Any CPU.ActiveCfg = Debug|Any CPU
		{EC6C24DD-3835-4446-9FC0-EF885D6EE8F1}.Debug|Any CPU.Build.0 = Debug|Any CPU
		{EC6C24DD-3835-4446-9FC0-EF885D6EE8F1}.Debug|Mixed Platforms.ActiveCfg = Debug|Any CPU
		{EC6C24DD-3835-4446-9FC0-EF885D6EE8F1}.Debug|Mixed Platforms.Build.0 = Debug|Any CPU
		{EC6C24DD-3835-4446-9FC0-EF885D6EE8F1}.Debug|x86.ActiveCfg = Debug|Any CPU
		{EC6C24DD-3835-4446-9FC0-EF885D6EE8F1}.Release|Any CPU.ActiveCfg = Release|Any CPU
		{EC6C24DD-3835-4446-9FC0-EF885D6EE8F1}.Release|Any CPU.Build.0 = Release|Any CPU
		{EC6C24DD-3835-4446-9FC0-EF885D6EE8F1}.Release|Mixed Platforms.ActiveCfg = Release|Any CPU
		{EC6C24DD-3835-4446-9FC0-EF885D6EE8F1}.Release|Mixed Platforms.Build.0 = Release|Any CPU
		{EC6C24DD-3835-4446-9FC0-EF885D6EE8F1}.Release|x86.ActiveCfg = Release|Any CPU
	EndGlobalSection
	GlobalSection(SolutionProperties) = preSolution
		HideSolutionNode = FALSE
	EndGlobalSection
	GlobalSection(NestedProjects) = preSolution
		{4DA37223-92A6-4562-BC9A-00CA739DB721} = {0EF21F00-2C47-49EF-8AD1-19D9CFBF4036}
		{7CDFFC88-EBE8-4C67-9A14-57A46FD534D1} = {0EF21F00-2C47-49EF-8AD1-19D9CFBF4036}
		{7F1F7148-6E69-476C-9BE6-4AC87C673C75} = {0EF21F00-2C47-49EF-8AD1-19D9CFBF4036}
		{ABDDE0CE-7B8C-4750-B743-90A49F8AB8A9} = {0EF21F00-2C47-49EF-8AD1-19D9CFBF4036}
		{BB0D1C8D-681D-40DA-B5DC-DD88D0BAEC45} = {34975B88-D1A9-473D-98C5-F8734BF9B21C}
		{75240292-31B9-467E-B341-DD23090E4739} = {34975B88-D1A9-473D-98C5-F8734BF9B21C}
		{29D12DFF-D33E-4D66-8E41-51D49DE84547} = {34975B88-D1A9-473D-98C5-F8734BF9B21C}
		{E82BE7A6-3335-435D-A364-A655A74C470A} = {352AB192-0C8C-491F-ADD1-B2A003B87872}
		{F8A5A9AD-F680-46F4-806F-653E7E51A030} = {352AB192-0C8C-491F-ADD1-B2A003B87872}
		{846F954B-9E94-49C6-888F-4887F4200A72} = {F5ACDC4C-7B30-4A16-8E94-353B76145CD8}
		{9FBCFE44-7752-4EF0-8547-4CA9DD28D1BF} = {352AB192-0C8C-491F-ADD1-B2A003B87872}
		{234B024E-40D6-4CE3-8110-4840E90E7290} = {352AB192-0C8C-491F-ADD1-B2A003B87872}
		{EC6C24DD-3835-4446-9FC0-EF885D6EE8F1} = {352AB192-0C8C-491F-ADD1-B2A003B87872}
	EndGlobalSection
EndGlobal
